
Microsoft Visual Studio Solution File, Format Version 12.00
# Visual Studio Version 17
VisualStudioVersion = 17.0.31903.59
MinimumVisualStudioVersion = 10.0.40219.1
Project("{2150E333-8FDC-42A3-9474-1A3956D46DE8}") = "src", "src", "{827E0CD3-B72D-47B6-A68D-7590B98EB39B}"
EndProject
Project("{FAE04EC0-301F-11D3-BF4B-00C04F79EFBC}") = "PrintFlow.Domain", "src\PrintFlow.Domain\PrintFlow.Domain.csproj", "{95493BC5-BD91-4D6D-8693-30F58FCF3C59}"
EndProject
Project("{FAE04EC0-301F-11D3-BF4B-00C04F79EFBC}") = "PrintFlow.Application", "src\PrintFlow.Application\PrintFlow.Application.csproj", "{F14C8598-FE3C-4D6E-B6E6-0424408161EB}"
EndProject
Project("{FAE04EC0-301F-11D3-BF4B-00C04F79EFBC}") = "PrintFlow.Infrastructure", "src\PrintFlow.Infrastructure\PrintFlow.Infrastructure.csproj", "{76AAAFF9-56D9-4781-B10C-4ED4EA3DC82A}"
EndProject
Project("{FAE04EC0-301F-11D3-BF4B-00C04F79EFBC}") = "PrintFlow.UI", "src\PrintFlow.UI\PrintFlow.UI.csproj", "{62275B2D-CB75-4844-B6D5-043056A07B0A}"
EndProject
Project("{2150E333-8FDC-42A3-9474-1A3956D46DE8}") = "tests", "tests", "{0AB3BF05-4346-4AA6-1389-037BE0695223}"
EndProject
Project("{FAE04EC0-301F-11D3-BF4B-00C04F79EFBC}") = "PrintFlow.Tests", "tests\PrintFlow.Tests\PrintFlow.Tests.csproj", "{BB443FD4-37C0-4A48-87FC-02A6F09868AE}"
EndProject
Global
	GlobalSection(SolutionConfigurationPlatforms) = preSolution
		Debug|Any CPU = Debug|Any CPU
		Debug|x64 = Debug|x64
		Debug|x86 = Debug|x86
		Release|Any CPU = Release|Any CPU
		Release|x64 = Release|x64
		Release|x86 = Release|x86
	EndGlobalSection
	GlobalSection(ProjectConfigurationPlatforms) = postSolution
		{95493BC5-BD91-4D6D-8693-30F58FCF3C59}.Debug|Any CPU.ActiveCfg = Debug|Any CPU
		{95493BC5-BD91-4D6D-8693-30F58FCF3C59}.Debug|Any CPU.Build.0 = Debug|Any CPU
		{95493BC5-BD91-4D6D-8693-30F58FCF3C59}.Debug|x64.ActiveCfg = Debug|Any CPU
		{95493BC5-BD91-4D6D-8693-30F58FCF3C59}.Debug|x64.Build.0 = Debug|Any CPU
		{95493BC5-BD91-4D6D-8693-30F58FCF3C59}.Debug|x86.ActiveCfg = Debug|Any CPU
		{95493BC5-BD91-4D6D-8693-30F58FCF3C59}.Debug|x86.Build.0 = Debug|Any CPU
		{95493BC5-BD91-4D6D-8693-30F58FCF3C59}.Release|Any CPU.ActiveCfg = Release|Any CPU
		{95493BC5-BD91-4D6D-8693-30F58FCF3C59}.Release|Any CPU.Build.0 = Release|Any CPU
		{95493BC5-BD91-4D6D-8693-30F58FCF3C59}.Release|x64.ActiveCfg = Release|Any CPU
		{95493BC5-BD91-4D6D-8693-30F58FCF3C59}.Release|x64.Build.0 = Release|Any CPU
		{95493BC5-BD91-4D6D-8693-30F58FCF3C59}.Release|x86.ActiveCfg = Release|Any CPU
		{95493BC5-BD91-4D6D-8693-30F58FCF3C59}.Release|x86.Build.0 = Release|Any CPU
		{F14C8598-FE3C-4D6E-B6E6-0424408161EB}.Debug|Any CPU.ActiveCfg = Debug|Any CPU
		{F14C8598-FE3C-4D6E-B6E6-0424408161EB}.Debug|Any CPU.Build.0 = Debug|Any CPU
		{F14C8598-FE3C-4D6E-B6E6-0424408161EB}.Debug|x64.ActiveCfg = Debug|Any CPU
		{F14C8598-FE3C-4D6E-B6E6-0424408161EB}.Debug|x64.Build.0 = Debug|Any CPU
		{F14C8598-FE3C-4D6E-B6E6-0424408161EB}.Debug|x86.ActiveCfg = Debug|Any CPU
		{F14C8598-FE3C-4D6E-B6E6-0424408161EB}.Debug|x86.Build.0 = Debug|Any CPU
		{F14C8598-FE3C-4D6E-B6E6-0424408161EB}.Release|Any CPU.ActiveCfg = Release|Any CPU
		{F14C8598-FE3C-4D6E-B6E6-0424408161EB}.Release|Any CPU.Build.0 = Release|Any CPU
		{F14C8598-FE3C-4D6E-B6E6-0424408161EB}.Release|x64.ActiveCfg = Release|Any CPU
		{F14C8598-FE3C-4D6E-B6E6-0424408161EB}.Release|x64.Build.0 = Release|Any CPU
		{F14C8598-FE3C-4D6E-B6E6-0424408161EB}.Release|x86.ActiveCfg = Release|Any CPU
		{F14C8598-FE3C-4D6E-B6E6-0424408161EB}.Release|x86.Build.0 = Release|Any CPU
		{76AAAFF9-56D9-4781-B10C-4ED4EA3DC82A}.Debug|Any CPU.ActiveCfg = Debug|Any CPU
		{76AAAFF9-56D9-4781-B10C-4ED4EA3DC82A}.Debug|Any CPU.Build.0 = Debug|Any CPU
		{76AAAFF9-56D9-4781-B10C-4ED4EA3DC82A}.Debug|x64.ActiveCfg = Debug|Any CPU
		{76AAAFF9-56D9-4781-B10C-4ED4EA3DC82A}.Debug|x64.Build.0 = Debug|Any CPU
		{76AAAFF9-56D9-4781-B10C-4ED4EA3DC82A}.Debug|x86.ActiveCfg = Debug|Any CPU
		{76AAAFF9-56D9-4781-B10C-4ED4EA3DC82A}.Debug|x86.Build.0 = Debug|Any CPU
		{76AAAFF9-56D9-4781-B10C-4ED4EA3DC82A}.Release|Any CPU.ActiveCfg = Release|Any CPU
		{76AAAFF9-56D9-4781-B10C-4ED4EA3DC82A}.Release|Any CPU.Build.0 = Release|Any CPU
		{76AAAFF9-56D9-4781-B10C-4ED4EA3DC82A}.Release|x64.ActiveCfg = Release|Any CPU
		{76AAAFF9-56D9-4781-B10C-4ED4EA3DC82A}.Release|x64.Build.0 = Release|Any CPU
		{76AAAFF9-56D9-4781-B10C-4ED4EA3DC82A}.Release|x86.ActiveCfg = Release|Any CPU
		{76AAAFF9-56D9-4781-B10C-4ED4EA3DC82A}.Release|x86.Build.0 = Release|Any CPU
		{62275B2D-CB75-4844-B6D5-043056A07B0A}.Debug|Any CPU.ActiveCfg = Debug|Any CPU
		{62275B2D-CB75-4844-B6D5-043056A07B0A}.Debug|Any CPU.Build.0 = Debug|Any CPU
		{62275B2D-CB75-4844-B6D5-043056A07B0A}.Debug|x64.ActiveCfg = Debug|Any CPU
		{62275B2D-CB75-4844-B6D5-043056A07B0A}.Debug|x64.Build.0 = Debug|Any CPU
		{62275B2D-CB75-4844-B6D5-043056A07B0A}.Debug|x86.ActiveCfg = Debug|Any CPU
		{62275B2D-CB75-4844-B6D5-043056A07B0A}.Debug|x86.Build.0 = Debug|Any CPU
		{62275B2D-CB75-4844-B6D5-043056A07B0A}.Release|Any CPU.ActiveCfg = Release|Any CPU
		{62275B2D-CB75-4844-B6D5-043056A07B0A}.Release|Any CPU.Build.0 = Release|Any CPU
		{62275B2D-CB75-4844-B6D5-043056A07B0A}.Release|x64.ActiveCfg = Release|Any CPU
		{62275B2D-CB75-4844-B6D5-043056A07B0A}.Release|x64.Build.0 = Release|Any CPU
		{62275B2D-CB75-4844-B6D5-043056A07B0A}.Release|x86.ActiveCfg = Release|Any CPU
		{62275B2D-CB75-4844-B6D5-043056A07B0A}.Release|x86.Build.0 = Release|Any CPU
		{BB443FD4-37C0-4A48-87FC-02A6F09868AE}.Debug|Any CPU.ActiveCfg = Debug|Any CPU
		{BB443FD4-37C0-4A48-87FC-02A6F09868AE}.Debug|Any CPU.Build.0 = Debug|Any CPU
		{BB443FD4-37C0-4A48-87FC-02A6F09868AE}.Debug|x64.ActiveCfg = Debug|Any CPU
		{BB443FD4-37C0-4A48-87FC-02A6F09868AE}.Debug|x64.Build.0 = Debug|Any CPU
		{BB443FD4-37C0-4A48-87FC-02A6F09868AE}.Debug|x86.ActiveCfg = Debug|Any CPU
		{BB443FD4-37C0-4A48-87FC-02A6F09868AE}.Debug|x86.Build.0 = Debug|Any CPU
		{BB443FD4-37C0-4A48-87FC-02A6F09868AE}.Release|Any CPU.ActiveCfg = Release|Any CPU
		{BB443FD4-37C0-4A48-87FC-02A6F09868AE}.Release|Any CPU.Build.0 = Release|Any CPU
		{BB443FD4-37C0-4A48-87FC-02A6F09868AE}.Release|x64.ActiveCfg = Release|Any CPU
		{BB443FD4-37C0-4A48-87FC-02A6F09868AE}.Release|x64.Build.0 = Release|Any CPU
		{BB443FD4-37C0-4A48-87FC-02A6F09868AE}.Release|x86.ActiveCfg = Release|Any CPU
		{BB443FD4-37C0-4A48-87FC-02A6F09868AE}.Release|x86.Build.0 = Release|Any CPU
	EndGlobalSection
	GlobalSection(SolutionProperties) = preSolution
		HideSolutionNode = FALSE
	EndGlobalSection
	GlobalSection(NestedProjects) = preSolution
		{95493BC5-BD91-4D6D-8693-30F58FCF3C59} = {827E0CD3-B72D-47B6-A68D-7590B98EB39B}
		{F14C8598-FE3C-4D6E-B6E6-0424408161EB} = {827E0CD3-B72D-47B6-A68D-7590B98EB39B}
		{76AAAFF9-56D9-4781-B10C-4ED4EA3DC82A} = {827E0CD3-B72D-47B6-A68D-7590B98EB39B}
		{62275B2D-CB75-4844-B6D5-043056A07B0A} = {827E0CD3-B72D-47B6-A68D-7590B98EB39B}
		{BB443FD4-37C0-4A48-87FC-02A6F09868AE} = {0AB3BF05-4346-4AA6-1389-037BE0695223}
	EndGlobalSection
EndGlobal
